
Microsoft Visual Studio Solution File, Format Version 12.00
# Visual Studio Version 17
VisualStudioVersion = 17.14.36717.8 d17.14
MinimumVisualStudioVersion = 10.0.40219.1
Project("{FAE04EC0-301F-11D3-BF4B-00C04F79EFBC}") = "LogParser", "LogParser.csproj", "{3520B260-EB6F-4AA8-B1F1-913FA55DB605}"
EndProject
Project("{FAE04EC0-301F-11D3-BF4B-00C04F79EFBC}") = "LogParser.Tests", "..\LogParser.Tests\LogParser.Tests.csproj", "{CA8D107E-2E08-48CA-98FA-C2BD2B5CAB6E}"
EndProject
Global
	GlobalSection(SolutionConfigurationPlatforms) = preSolution
		Debug|Any CPU = Debug|Any CPU
		Release|Any CPU = Release|Any CPU
	EndGlobalSection
	GlobalSection(ProjectConfigurationPlatforms) = postSolution
		{3520B260-EB6F-4AA8-B1F1-913FA55DB605}.Debug|Any CPU.ActiveCfg = Debug|Any CPU
		{3520B260-EB6F-4AA8-B1F1-913FA55DB605}.Debug|Any CPU.Build.0 = Debug|Any CPU
		{3520B260-EB6F-4AA8-B1F1-913FA55DB605}.Release|Any CPU.ActiveCfg = Release|Any CPU
		{3520B260-EB6F-4AA8-B1F1-913FA55DB605}.Release|Any CPU.Build.0 = Release|Any CPU
		{CA8D107E-2E08-48CA-98FA-C2BD2B5CAB6E}.Debug|Any CPU.ActiveCfg = Debug|Any CPU
		{CA8D107E-2E08-48CA-98FA-C2BD2B5CAB6E}.Debug|Any CPU.Build.0 = Debug|Any CPU
		{CA8D107E-2E08-48CA-98FA-C2BD2B5CAB6E}.Release|Any CPU.ActiveCfg = Release|Any CPU
		{CA8D107E-2E08-48CA-98FA-C2BD2B5CAB6E}.Release|Any CPU.Build.0 = Release|Any CPU
	EndGlobalSection
	GlobalSection(SolutionProperties) = preSolution
		HideSolutionNode = FALSE
	EndGlobalSection
	GlobalSection(ExtensibilityGlobals) = postSolution
		SolutionGuid = {8D63EB71-8FDE-4BAA-82CE-1AC56C25D057}
	EndGlobalSection
EndGlobal
